
Microsoft Visual Studio Solution File, Format Version 12.00
# Visual Studio Version 16
VisualStudioVersion = 16.0.30611.23
MinimumVisualStudioVersion = 10.0.40219.1
Project("{FAE04EC0-301F-11D3-BF4B-00C04F79EFBC}") = "NeverSort", "NeverSort.csproj", "{B039CB02-6A84-451E-9654-BA6770BA3760}"
EndProject
Global
	GlobalSection(SolutionConfigurationPlatforms) = preSolution
		Debug|Any CPU = Debug|Any CPU
		Release|Any CPU = Release|Any CPU
	EndGlobalSection
	GlobalSection(ProjectConfigurationPlatforms) = postSolution
		{B039CB02-6A84-451E-9654-BA6770BA3760}.Debug|Any CPU.ActiveCfg = Debug|Any CPU
		{B039CB02-6A84-451E-9654-BA6770BA3760}.Debug|Any CPU.Build.0 = Debug|Any CPU
		{B039CB02-6A84-451E-9654-BA6770BA3760}.Release|Any CPU.ActiveCfg = Release|Any CPU
		{B039CB02-6A84-451E-9654-BA6770BA3760}.Release|Any CPU.Build.0 = Release|Any CPU
	EndGlobalSection
	GlobalSection(SolutionProperties) = preSolution
		HideSolutionNode = FALSE
	EndGlobalSection
	GlobalSection(ExtensibilityGlobals) = postSolution
		SolutionGuid = {95B8A6BB-2895-4572-96B8-9D5A28785BE9}
	EndGlobalSection
EndGlobal
